
Microsoft Visual Studio Solution File, Format Version 12.00
# Visual Studio Version 17
VisualStudioVersion = 17.8.34330.188
MinimumVisualStudioVersion = 10.0.40219.1
Project("{9A19103F-16F7-4668-BE54-9A1E7A4F7556}") = "echo.primary", "echo.primary\echo.primary.csproj", "{E735C8FC-BF77-4C46-9253-6A34DCD5D023}"
EndProject
Project("{9A19103F-16F7-4668-BE54-9A1E7A4F7556}") = "test", "test\test.csproj", "{A6E5E0A4-D239-4A4A-BA92-B291E48DCC67}"
EndProject
Project("{9A19103F-16F7-4668-BE54-9A1E7A4F7556}") = "example", "example\example.csproj", "{FBD0239C-220C-47DC-A90B-CEEE838B0254}"
EndProject
Project("{FAE04EC0-301F-11D3-BF4B-00C04F79EFBC}") = "cg", "cg\cg.csproj", "{54B11CBC-FD5B-44E1-A085-E9989A40636B}"
EndProject
Global
	GlobalSection(SolutionConfigurationPlatforms) = preSolution
		Debug|Any CPU = Debug|Any CPU
		Release|Any CPU = Release|Any CPU
	EndGlobalSection
	GlobalSection(ProjectConfigurationPlatforms) = postSolution
		{E735C8FC-BF77-4C46-9253-6A34DCD5D023}.Debug|Any CPU.ActiveCfg = Debug|Any CPU
		{E735C8FC-BF77-4C46-9253-6A34DCD5D023}.Debug|Any CPU.Build.0 = Debug|Any CPU
		{E735C8FC-BF77-4C46-9253-6A34DCD5D023}.Release|Any CPU.ActiveCfg = Release|Any CPU
		{E735C8FC-BF77-4C46-9253-6A34DCD5D023}.Release|Any CPU.Build.0 = Release|Any CPU
		{A6E5E0A4-D239-4A4A-BA92-B291E48DCC67}.Debug|Any CPU.ActiveCfg = Debug|Any CPU
		{A6E5E0A4-D239-4A4A-BA92-B291E48DCC67}.Debug|Any CPU.Build.0 = Debug|Any CPU
		{A6E5E0A4-D239-4A4A-BA92-B291E48DCC67}.Release|Any CPU.ActiveCfg = Release|Any CPU
		{A6E5E0A4-D239-4A4A-BA92-B291E48DCC67}.Release|Any CPU.Build.0 = Release|Any CPU
		{FBD0239C-220C-47DC-A90B-CEEE838B0254}.Debug|Any CPU.ActiveCfg = Debug|Any CPU
		{FBD0239C-220C-47DC-A90B-CEEE838B0254}.Debug|Any CPU.Build.0 = Debug|Any CPU
		{FBD0239C-220C-47DC-A90B-CEEE838B0254}.Release|Any CPU.ActiveCfg = Release|Any CPU
		{FBD0239C-220C-47DC-A90B-CEEE838B0254}.Release|Any CPU.Build.0 = Release|Any CPU
		{54B11CBC-FD5B-44E1-A085-E9989A40636B}.Debug|Any CPU.ActiveCfg = Debug|Any CPU
		{54B11CBC-FD5B-44E1-A085-E9989A40636B}.Debug|Any CPU.Build.0 = Debug|Any CPU
		{54B11CBC-FD5B-44E1-A085-E9989A40636B}.Release|Any CPU.ActiveCfg = Release|Any CPU
		{54B11CBC-FD5B-44E1-A085-E9989A40636B}.Release|Any CPU.Build.0 = Release|Any CPU
	EndGlobalSection
	GlobalSection(SolutionProperties) = preSolution
		HideSolutionNode = FALSE
	EndGlobalSection
	GlobalSection(ExtensibilityGlobals) = postSolution
		SolutionGuid = {E8D6A85A-68BE-4F43-AF6B-7BE9D3EDAAB0}
	EndGlobalSection
EndGlobal
